
Microsoft Visual Studio Solution File, Format Version 12.00
# Visual Studio Version 16
VisualStudioVersion = 16.0.28803.156
MinimumVisualStudioVersion = 10.0.40219.1
Project("{9A19103F-16F7-4668-BE54-9A1E7A4F7556}") = "DataServer", "DataServer\DataServer.csproj", "{33796974-A204-46B1-A2C2-5A93949684E5}"
EndProject
Project("{9A19103F-16F7-4668-BE54-9A1E7A4F7556}") = "DataServer.BusinessModel", "DataServer.BusinessModel\DataServer.BusinessModel.csproj", "{9ECAB43D-DAFF-4130-9599-7C5DBCC32E5D}"
EndProject
Project("{9A19103F-16F7-4668-BE54-9A1E7A4F7556}") = "FTPServer.BusinessModel", "FTPServer.BusinessModel\FTPServer.BusinessModel.csproj", "{75085155-A2DF-4108-A03E-8CB2607B43C4}"
EndProject
Project("{9A19103F-16F7-4668-BE54-9A1E7A4F7556}") = "DataServer.DAL", "DataServer.DAL\DataServer.DAL.csproj", "{5DA35D20-FDE8-4F3B-8826-A6985B79D2D9}"
EndProject
Project("{9A19103F-16F7-4668-BE54-9A1E7A4F7556}") = "FTPServer.DAL", "FTPServer.DAL\FTPServer.DAL.csproj", "{66F6D124-E3D3-48B6-851F-10F635D51700}"
EndProject
Project("{9A19103F-16F7-4668-BE54-9A1E7A4F7556}") = "FTPServer", "FTPServer\FTPServer.csproj", "{0851AABD-865B-4857-BC7F-AE5E4E57616B}"
EndProject
Project("{9A19103F-16F7-4668-BE54-9A1E7A4F7556}") = "Kademlia", "Kademlia\Kademlia.csproj", "{61544F79-74E9-4875-A11A-4ACBFFB77EB2}"
EndProject
Global
	GlobalSection(SolutionConfigurationPlatforms) = preSolution
		Debug|Any CPU = Debug|Any CPU
		Release|Any CPU = Release|Any CPU
	EndGlobalSection
	GlobalSection(ProjectConfigurationPlatforms) = postSolution
		{33796974-A204-46B1-A2C2-5A93949684E5}.Debug|Any CPU.ActiveCfg = Debug|Any CPU
		{33796974-A204-46B1-A2C2-5A93949684E5}.Debug|Any CPU.Build.0 = Debug|Any CPU
		{33796974-A204-46B1-A2C2-5A93949684E5}.Release|Any CPU.ActiveCfg = Release|Any CPU
		{33796974-A204-46B1-A2C2-5A93949684E5}.Release|Any CPU.Build.0 = Release|Any CPU
		{9ECAB43D-DAFF-4130-9599-7C5DBCC32E5D}.Debug|Any CPU.ActiveCfg = Debug|Any CPU
		{9ECAB43D-DAFF-4130-9599-7C5DBCC32E5D}.Debug|Any CPU.Build.0 = Debug|Any CPU
		{9ECAB43D-DAFF-4130-9599-7C5DBCC32E5D}.Release|Any CPU.ActiveCfg = Release|Any CPU
		{9ECAB43D-DAFF-4130-9599-7C5DBCC32E5D}.Release|Any CPU.Build.0 = Release|Any CPU
		{75085155-A2DF-4108-A03E-8CB2607B43C4}.Debug|Any CPU.ActiveCfg = Debug|Any CPU
		{75085155-A2DF-4108-A03E-8CB2607B43C4}.Debug|Any CPU.Build.0 = Debug|Any CPU
		{75085155-A2DF-4108-A03E-8CB2607B43C4}.Release|Any CPU.ActiveCfg = Release|Any CPU
		{75085155-A2DF-4108-A03E-8CB2607B43C4}.Release|Any CPU.Build.0 = Release|Any CPU
		{5DA35D20-FDE8-4F3B-8826-A6985B79D2D9}.Debug|Any CPU.ActiveCfg = Debug|Any CPU
		{5DA35D20-FDE8-4F3B-8826-A6985B79D2D9}.Debug|Any CPU.Build.0 = Debug|Any CPU
		{5DA35D20-FDE8-4F3B-8826-A6985B79D2D9}.Release|Any CPU.ActiveCfg = Release|Any CPU
		{5DA35D20-FDE8-4F3B-8826-A6985B79D2D9}.Release|Any CPU.Build.0 = Release|Any CPU
		{66F6D124-E3D3-48B6-851F-10F635D51700}.Debug|Any CPU.ActiveCfg = Debug|Any CPU
		{66F6D124-E3D3-48B6-851F-10F635D51700}.Debug|Any CPU.Build.0 = Debug|Any CPU
		{66F6D124-E3D3-48B6-851F-10F635D51700}.Release|Any CPU.ActiveCfg = Release|Any CPU
		{66F6D124-E3D3-48B6-851F-10F635D51700}.Release|Any CPU.Build.0 = Release|Any CPU
		{0851AABD-865B-4857-BC7F-AE5E4E57616B}.Debug|Any CPU.ActiveCfg = Debug|Any CPU
		{0851AABD-865B-4857-BC7F-AE5E4E57616B}.Debug|Any CPU.Build.0 = Debug|Any CPU
		{0851AABD-865B-4857-BC7F-AE5E4E57616B}.Release|Any CPU.ActiveCfg = Release|Any CPU
		{0851AABD-865B-4857-BC7F-AE5E4E57616B}.Release|Any CPU.Build.0 = Release|Any CPU
		{61544F79-74E9-4875-A11A-4ACBFFB77EB2}.Debug|Any CPU.ActiveCfg = Debug|Any CPU
		{61544F79-74E9-4875-A11A-4ACBFFB77EB2}.Debug|Any CPU.Build.0 = Debug|Any CPU
		{61544F79-74E9-4875-A11A-4ACBFFB77EB2}.Release|Any CPU.ActiveCfg = Release|Any CPU
		{61544F79-74E9-4875-A11A-4ACBFFB77EB2}.Release|Any CPU.Build.0 = Release|Any CPU
	EndGlobalSection
	GlobalSection(SolutionProperties) = preSolution
		HideSolutionNode = FALSE
	EndGlobalSection
	GlobalSection(ExtensibilityGlobals) = postSolution
		SolutionGuid = {4052A54E-55D2-4A42-B70D-8C4DC315FA42}
	EndGlobalSection
EndGlobal
